
Microsoft Visual Studio Solution File, Format Version 12.00
# Visual Studio Version 16
VisualStudioVersion = 16.0.29505.145
MinimumVisualStudioVersion = 10.0.40219.1
Project("{9A19103F-16F7-4668-BE54-9A1E7A4F7556}") = "Courier.RestClient", "Courier.RestClient\Courier.RestClient.csproj", "{61407908-AF52-4622-9D22-6F3EEEDAF63C}"
EndProject
Project("{9A19103F-16F7-4668-BE54-9A1E7A4F7556}") = "Courier.RestClient.Tests", "Courier.RestClient.Tests\Courier.RestClient.Tests.csproj", "{910FC837-0194-4F68-9CAF-FAC9B95EA2A6}"
EndProject
Project("{2150E333-8FDC-42A3-9474-1A3956D46DE8}") = "Solution Items", "Solution Items", "{088DACC2-13A6-4C49-AE1E-BD9B908C8828}"
	ProjectSection(SolutionItems) = preProject
		.editorconfig = .editorconfig
		courier.snk = courier.snk
		Directory.Build.props = Directory.Build.props
	EndProjectSection
EndProject
Global
	GlobalSection(SolutionConfigurationPlatforms) = preSolution
		Debug|Any CPU = Debug|Any CPU
		Release|Any CPU = Release|Any CPU
	EndGlobalSection
	GlobalSection(ProjectConfigurationPlatforms) = postSolution
		{61407908-AF52-4622-9D22-6F3EEEDAF63C}.Debug|Any CPU.ActiveCfg = Debug|Any CPU
		{61407908-AF52-4622-9D22-6F3EEEDAF63C}.Debug|Any CPU.Build.0 = Debug|Any CPU
		{61407908-AF52-4622-9D22-6F3EEEDAF63C}.Release|Any CPU.ActiveCfg = Release|Any CPU
		{61407908-AF52-4622-9D22-6F3EEEDAF63C}.Release|Any CPU.Build.0 = Release|Any CPU
		{910FC837-0194-4F68-9CAF-FAC9B95EA2A6}.Debug|Any CPU.ActiveCfg = Debug|Any CPU
		{910FC837-0194-4F68-9CAF-FAC9B95EA2A6}.Debug|Any CPU.Build.0 = Debug|Any CPU
		{910FC837-0194-4F68-9CAF-FAC9B95EA2A6}.Release|Any CPU.ActiveCfg = Release|Any CPU
		{910FC837-0194-4F68-9CAF-FAC9B95EA2A6}.Release|Any CPU.Build.0 = Release|Any CPU
	EndGlobalSection
	GlobalSection(SolutionProperties) = preSolution
		HideSolutionNode = FALSE
	EndGlobalSection
	GlobalSection(ExtensibilityGlobals) = postSolution
		SolutionGuid = {3FAA2A97-CECA-4B01-B40F-AE8370E32EFC}
	EndGlobalSection
EndGlobal
